
Microsoft Visual Studio Solution File, Format Version 12.00
Project("{FAE04EC0-301F-11D3-BF4B-00C04F79EFBC}") = "RealWorldExample.Api", "RealWorldExample.Api\RealWorldExample.Api.csproj", "{A6B4B389-9383-4047-9FCC-B1B4AF44342A}"
EndProject
Global
	GlobalSection(SolutionConfigurationPlatforms) = preSolution
		Debug|Any CPU = Debug|Any CPU
		Release|Any CPU = Release|Any CPU
	EndGlobalSection
	GlobalSection(ProjectConfigurationPlatforms) = postSolution
		{A6B4B389-9383-4047-9FCC-B1B4AF44342A}.Debug|Any CPU.ActiveCfg = Debug|Any CPU
		{A6B4B389-9383-4047-9FCC-B1B4AF44342A}.Debug|Any CPU.Build.0 = Debug|Any CPU
		{A6B4B389-9383-4047-9FCC-B1B4AF44342A}.Release|Any CPU.ActiveCfg = Release|Any CPU
		{A6B4B389-9383-4047-9FCC-B1B4AF44342A}.Release|Any CPU.Build.0 = Release|Any CPU
	EndGlobalSection
EndGlobal
