
Microsoft Visual Studio Solution File, Format Version 12.00
# Visual Studio Version 17
VisualStudioVersion = 17.14.36401.2 d17.14
MinimumVisualStudioVersion = 10.0.40219.1
Project("{FAE04EC0-301F-11D3-BF4B-00C04F79EFBC}") = "Chains", "Chains.csproj", "{BEE4F7D6-D603-3508-7770-E99D14F1BAB9}"
EndProject
Global
	GlobalSection(SolutionConfigurationPlatforms) = preSolution
		Debug|Any CPU = Debug|Any CPU
		Release|Any CPU = Release|Any CPU
	EndGlobalSection
	GlobalSection(ProjectConfigurationPlatforms) = postSolution
		{BEE4F7D6-D603-3508-7770-E99D14F1BAB9}.Debug|Any CPU.ActiveCfg = Debug|Any CPU
		{BEE4F7D6-D603-3508-7770-E99D14F1BAB9}.Debug|Any CPU.Build.0 = Debug|Any CPU
		{BEE4F7D6-D603-3508-7770-E99D14F1BAB9}.Release|Any CPU.ActiveCfg = Release|Any CPU
		{BEE4F7D6-D603-3508-7770-E99D14F1BAB9}.Release|Any CPU.Build.0 = Release|Any CPU
	EndGlobalSection
	GlobalSection(SolutionProperties) = preSolution
		HideSolutionNode = FALSE
	EndGlobalSection
	GlobalSection(ExtensibilityGlobals) = postSolution
		SolutionGuid = {57B4E9B1-39E0-4E0C-AE4D-8CCFB22F3DD9}
	EndGlobalSection
EndGlobal
